// !$*UTF8*$!
{
	archiveVersion = 1;
	classes = {
	};
	objectVersion = 46;
	objects = {

/* Begin PBXBuildFile section */
		C70D6E6B1353470100264FF1 /* JSON.h in Headers */ = {isa = PBXBuildFile; fileRef = C70D6E581353470100264FF1 /* JSON.h */; };
		C70D6E6C1353470100264FF1 /* NSObject+JSON.h in Headers */ = {isa = PBXBuildFile; fileRef = C70D6E591353470100264FF1 /* NSObject+JSON.h */; };
		C70D6E6D1353470100264FF1 /* NSObject+JSON.m in Sources */ = {isa = PBXBuildFile; fileRef = C70D6E5A1353470100264FF1 /* NSObject+JSON.m */; };
		C70D6E6E1353470100264FF1 /* SBJsonParser.h in Headers */ = {isa = PBXBuildFile; fileRef = C70D6E5B1353470100264FF1 /* SBJsonParser.h */; };
		C70D6E6F1353470100264FF1 /* SBJsonParser.m in Sources */ = {isa = PBXBuildFile; fileRef = C70D6E5C1353470100264FF1 /* SBJsonParser.m */; };
		C70D6E701353470100264FF1 /* SBJsonStreamParser.h in Headers */ = {isa = PBXBuildFile; fileRef = C70D6E5D1353470100264FF1 /* SBJsonStreamParser.h */; };
		C70D6E711353470100264FF1 /* SBJsonStreamParser.m in Sources */ = {isa = PBXBuildFile; fileRef = C70D6E5E1353470100264FF1 /* SBJsonStreamParser.m */; };
		C70D6E721353470100264FF1 /* SBJsonStreamParserAdapter.h in Headers */ = {isa = PBXBuildFile; fileRef = C70D6E5F1353470100264FF1 /* SBJsonStreamParserAdapter.h */; };
		C70D6E731353470100264FF1 /* SBJsonStreamParserAdapter.m in Sources */ = {isa = PBXBuildFile; fileRef = C70D6E601353470100264FF1 /* SBJsonStreamParserAdapter.m */; };
		C70D6E741353470100264FF1 /* SBJsonStreamParserState.h in Headers */ = {isa = PBXBuildFile; fileRef = C70D6E611353470100264FF1 /* SBJsonStreamParserState.h */; };
		C70D6E751353470100264FF1 /* SBJsonStreamParserState.m in Sources */ = {isa = PBXBuildFile; fileRef = C70D6E621353470100264FF1 /* SBJsonStreamParserState.m */; };
		C70D6E761353470100264FF1 /* SBJsonStreamWriter.h in Headers */ = {isa = PBXBuildFile; fileRef = C70D6E631353470100264FF1 /* SBJsonStreamWriter.h */; };
		C70D6E771353470100264FF1 /* SBJsonStreamWriter.m in Sources */ = {isa = PBXBuildFile; fileRef = C70D6E641353470100264FF1 /* SBJsonStreamWriter.m */; };
		C70D6E781353470100264FF1 /* SBJsonStreamWriterState.h in Headers */ = {isa = PBXBuildFile; fileRef = C70D6E651353470100264FF1 /* SBJsonStreamWriterState.h */; };
		C70D6E791353470100264FF1 /* SBJsonStreamWriterState.m in Sources */ = {isa = PBXBuildFile; fileRef = C70D6E661353470100264FF1 /* SBJsonStreamWriterState.m */; };
		C70D6E7A1353470100264FF1 /* SBJsonTokeniser.h in Headers */ = {isa = PBXBuildFile; fileRef = C70D6E671353470100264FF1 /* SBJsonTokeniser.h */; };
		C70D6E7B1353470100264FF1 /* SBJsonTokeniser.m in Sources */ = {isa = PBXBuildFile; fileRef = C70D6E681353470100264FF1 /* SBJsonTokeniser.m */; };
		C70D6E7C1353470100264FF1 /* SBJsonWriter.h in Headers */ = {isa = PBXBuildFile; fileRef = C70D6E691353470100264FF1 /* SBJsonWriter.h */; };
		C70D6E7D1353470100264FF1 /* SBJsonWriter.m in Sources */ = {isa = PBXBuildFile; fileRef = C70D6E6A1353470100264FF1 /* SBJsonWriter.m */; };
		C70D6E7E1353483100264FF1 /* NSObject+JSON.m in Sources */ = {isa = PBXBuildFile; fileRef = C70D6E5A1353470100264FF1 /* NSObject+JSON.m */; };
		C70D6E7F1353483100264FF1 /* SBJsonParser.m in Sources */ = {isa = PBXBuildFile; fileRef = C70D6E5C1353470100264FF1 /* SBJsonParser.m */; };
		C70D6E801353483100264FF1 /* SBJsonStreamParser.m in Sources */ = {isa = PBXBuildFile; fileRef = C70D6E5E1353470100264FF1 /* SBJsonStreamParser.m */; };
		C70D6E811353483100264FF1 /* SBJsonStreamParserAdapter.m in Sources */ = {isa = PBXBuildFile; fileRef = C70D6E601353470100264FF1 /* SBJsonStreamParserAdapter.m */; };
		C70D6E821353483100264FF1 /* SBJsonStreamParserState.m in Sources */ = {isa = PBXBuildFile; fileRef = C70D6E621353470100264FF1 /* SBJsonStreamParserState.m */; };
		C70D6E831353483100264FF1 /* SBJsonStreamWriter.m in Sources */ = {isa = PBXBuildFile; fileRef = C70D6E641353470100264FF1 /* SBJsonStreamWriter.m */; };
		C70D6E841353483100264FF1 /* SBJsonStreamWriterState.m in Sources */ = {isa = PBXBuildFile; fileRef = C70D6E661353470100264FF1 /* SBJsonStreamWriterState.m */; };
		C70D6E851353483100264FF1 /* SBJsonTokeniser.m in Sources */ = {isa = PBXBuildFile; fileRef = C70D6E681353470100264FF1 /* SBJsonTokeniser.m */; };
		C70D6E861353483100264FF1 /* SBJsonWriter.m in Sources */ = {isa = PBXBuildFile; fileRef = C70D6E6A1353470100264FF1 /* SBJsonWriter.m */; };
		C72C09071350BCFF00E37508 /* Foundation.framework in Frameworks */ = {isa = PBXBuildFile; fileRef = C72C09061350BCFF00E37508 /* Foundation.framework */; };
		C72C09121350BCFF00E37508 /* UIKit.framework in Frameworks */ = {isa = PBXBuildFile; fileRef = C72C09111350BCFF00E37508 /* UIKit.framework */; };
		C72C09131350BCFF00E37508 /* Foundation.framework in Frameworks */ = {isa = PBXBuildFile; fileRef = C72C09061350BCFF00E37508 /* Foundation.framework */; };
		C72C09151350BCFF00E37508 /* CoreGraphics.framework in Frameworks */ = {isa = PBXBuildFile; fileRef = C72C09141350BCFF00E37508 /* CoreGraphics.framework */; };
		C72C09181350BCFF00E37508 /* libJSONValidation.a in Frameworks */ = {isa = PBXBuildFile; fileRef = C72C09031350BCFF00E37508 /* libJSONValidation.a */; };
		C72C091E1350BCFF00E37508 /* InfoPlist.strings in Resources */ = {isa = PBXBuildFile; fileRef = C72C091C1350BCFF00E37508 /* InfoPlist.strings */; };
		C72C09211350BCFF00E37508 /* JSONValidationTests.h in Resources */ = {isa = PBXBuildFile; fileRef = C72C09201350BCFF00E37508 /* JSONValidationTests.h */; };
		C72C09231350BCFF00E37508 /* JSONValidationTests.m in Sources */ = {isa = PBXBuildFile; fileRef = C72C09221350BCFF00E37508 /* JSONValidationTests.m */; };
		C72C092E1350BD2300E37508 /* KVJSONValidator.h in Headers */ = {isa = PBXBuildFile; fileRef = C72C092C1350BD2300E37508 /* KVJSONValidator.h */; };
		C72C092F1350BD2300E37508 /* KVJSONValidator.m in Sources */ = {isa = PBXBuildFile; fileRef = C72C092D1350BD2300E37508 /* KVJSONValidator.m */; };
/* End PBXBuildFile section */

/* Begin PBXContainerItemProxy section */
		C72C09161350BCFF00E37508 /* PBXContainerItemProxy */ = {
			isa = PBXContainerItemProxy;
			containerPortal = C72C08FA1350BCFF00E37508 /* Project object */;
			proxyType = 1;
			remoteGlobalIDString = C72C09021350BCFF00E37508;
			remoteInfo = JSONValidation;
		};
/* End PBXContainerItemProxy section */

/* Begin PBXFileReference section */
		C70D6E581353470100264FF1 /* JSON.h */ = {isa = PBXFileReference; fileEncoding = 4; lastKnownFileType = sourcecode.c.h; path = JSON.h; sourceTree = "<group>"; };
		C70D6E591353470100264FF1 /* NSObject+JSON.h */ = {isa = PBXFileReference; fileEncoding = 4; lastKnownFileType = sourcecode.c.h; path = "NSObject+JSON.h"; sourceTree = "<group>"; };
		C70D6E5A1353470100264FF1 /* NSObject+JSON.m */ = {isa = PBXFileReference; fileEncoding = 4; lastKnownFileType = sourcecode.c.objc; path = "NSObject+JSON.m"; sourceTree = "<group>"; };
		C70D6E5B1353470100264FF1 /* SBJsonParser.h */ = {isa = PBXFileReference; fileEncoding = 4; lastKnownFileType = sourcecode.c.h; path = SBJsonParser.h; sourceTree = "<group>"; };
		C70D6E5C1353470100264FF1 /* SBJsonParser.m */ = {isa = PBXFileReference; fileEncoding = 4; lastKnownFileType = sourcecode.c.objc; path = SBJsonParser.m; sourceTree = "<group>"; };
		C70D6E5D1353470100264FF1 /* SBJsonStreamParser.h */ = {isa = PBXFileReference; fileEncoding = 4; lastKnownFileType = sourcecode.c.h; path = SBJsonStreamParser.h; sourceTree = "<group>"; };
		C70D6E5E1353470100264FF1 /* SBJsonStreamParser.m */ = {isa = PBXFileReference; fileEncoding = 4; lastKnownFileType = sourcecode.c.objc; path = SBJsonStreamParser.m; sourceTree = "<group>"; };
		C70D6E5F1353470100264FF1 /* SBJsonStreamParserAdapter.h */ = {isa = PBXFileReference; fileEncoding = 4; lastKnownFileType = sourcecode.c.h; path = SBJsonStreamParserAdapter.h; sourceTree = "<group>"; };
		C70D6E601353470100264FF1 /* SBJsonStreamParserAdapter.m */ = {isa = PBXFileReference; fileEncoding = 4; lastKnownFileType = sourcecode.c.objc; path = SBJsonStreamParserAdapter.m; sourceTree = "<group>"; };
		C70D6E611353470100264FF1 /* SBJsonStreamParserState.h */ = {isa = PBXFileReference; fileEncoding = 4; lastKnownFileType = sourcecode.c.h; path = SBJsonStreamParserState.h; sourceTree = "<group>"; };
		C70D6E621353470100264FF1 /* SBJsonStreamParserState.m */ = {isa = PBXFileReference; fileEncoding = 4; lastKnownFileType = sourcecode.c.objc; path = SBJsonStreamParserState.m; sourceTree = "<group>"; };
		C70D6E631353470100264FF1 /* SBJsonStreamWriter.h */ = {isa = PBXFileReference; fileEncoding = 4; lastKnownFileType = sourcecode.c.h; path = SBJsonStreamWriter.h; sourceTree = "<group>"; };
		C70D6E641353470100264FF1 /* SBJsonStreamWriter.m */ = {isa = PBXFileReference; fileEncoding = 4; lastKnownFileType = sourcecode.c.objc; path = SBJsonStreamWriter.m; sourceTree = "<group>"; };
		C70D6E651353470100264FF1 /* SBJsonStreamWriterState.h */ = {isa = PBXFileReference; fileEncoding = 4; lastKnownFileType = sourcecode.c.h; path = SBJsonStreamWriterState.h; sourceTree = "<group>"; };
		C70D6E661353470100264FF1 /* SBJsonStreamWriterState.m */ = {isa = PBXFileReference; fileEncoding = 4; lastKnownFileType = sourcecode.c.objc; path = SBJsonStreamWriterState.m; sourceTree = "<group>"; };
		C70D6E671353470100264FF1 /* SBJsonTokeniser.h */ = {isa = PBXFileReference; fileEncoding = 4; lastKnownFileType = sourcecode.c.h; path = SBJsonTokeniser.h; sourceTree = "<group>"; };
		C70D6E681353470100264FF1 /* SBJsonTokeniser.m */ = {isa = PBXFileReference; fileEncoding = 4; lastKnownFileType = sourcecode.c.objc; path = SBJsonTokeniser.m; sourceTree = "<group>"; };
		C70D6E691353470100264FF1 /* SBJsonWriter.h */ = {isa = PBXFileReference; fileEncoding = 4; lastKnownFileType = sourcecode.c.h; path = SBJsonWriter.h; sourceTree = "<group>"; };
		C70D6E6A1353470100264FF1 /* SBJsonWriter.m */ = {isa = PBXFileReference; fileEncoding = 4; lastKnownFileType = sourcecode.c.objc; path = SBJsonWriter.m; sourceTree = "<group>"; };
		C70D6E901353527600264FF1 /* draft-zyp-json-schema-03.txt */ = {isa = PBXFileReference; fileEncoding = 4; lastKnownFileType = text; path = "draft-zyp-json-schema-03.txt"; sourceTree = "<group>"; };
		C72C09031350BCFF00E37508 /* libJSONValidation.a */ = {isa = PBXFileReference; explicitFileType = archive.ar; includeInIndex = 0; path = libJSONValidation.a; sourceTree = BUILT_PRODUCTS_DIR; };
		C72C09061350BCFF00E37508 /* Foundation.framework */ = {isa = PBXFileReference; lastKnownFileType = wrapper.framework; name = Foundation.framework; path = System/Library/Frameworks/Foundation.framework; sourceTree = SDKROOT; };
		C72C090A1350BCFF00E37508 /* JSONValidation-Prefix.pch */ = {isa = PBXFileReference; lastKnownFileType = sourcecode.c.h; path = "JSONValidation-Prefix.pch"; sourceTree = "<group>"; };
		C72C09101350BCFF00E37508 /* JSONValidationTests.octest */ = {isa = PBXFileReference; explicitFileType = wrapper.cfbundle; includeInIndex = 0; path = JSONValidationTests.octest; sourceTree = BUILT_PRODUCTS_DIR; };
		C72C09111350BCFF00E37508 /* UIKit.framework */ = {isa = PBXFileReference; lastKnownFileType = wrapper.framework; name = UIKit.framework; path = System/Library/Frameworks/UIKit.framework; sourceTree = SDKROOT; };
		C72C09141350BCFF00E37508 /* CoreGraphics.framework */ = {isa = PBXFileReference; lastKnownFileType = wrapper.framework; name = CoreGraphics.framework; path = System/Library/Frameworks/CoreGraphics.framework; sourceTree = SDKROOT; };
		C72C091B1350BCFF00E37508 /* JSONValidationTests-Info.plist */ = {isa = PBXFileReference; lastKnownFileType = text.plist.xml; path = "JSONValidationTests-Info.plist"; sourceTree = "<group>"; };
		C72C091D1350BCFF00E37508 /* en */ = {isa = PBXFileReference; lastKnownFileType = text.plist.strings; name = en; path = en.lproj/InfoPlist.strings; sourceTree = "<group>"; };
		C72C091F1350BCFF00E37508 /* JSONValidationTests-Prefix.pch */ = {isa = PBXFileReference; lastKnownFileType = sourcecode.c.h; path = "JSONValidationTests-Prefix.pch"; sourceTree = "<group>"; };
		C72C09201350BCFF00E37508 /* JSONValidationTests.h */ = {isa = PBXFileReference; lastKnownFileType = sourcecode.c.h; path = JSONValidationTests.h; sourceTree = "<group>"; };
		C72C09221350BCFF00E37508 /* JSONValidationTests.m */ = {isa = PBXFileReference; lastKnownFileType = sourcecode.c.objc; path = JSONValidationTests.m; sourceTree = "<group>"; };
		C72C092C1350BD2300E37508 /* KVJSONValidator.h */ = {isa = PBXFileReference; fileEncoding = 4; lastKnownFileType = sourcecode.c.h; path = KVJSONValidator.h; sourceTree = "<group>"; };
		C72C092D1350BD2300E37508 /* KVJSONValidator.m */ = {isa = PBXFileReference; fileEncoding = 4; lastKnownFileType = sourcecode.c.objc; path = KVJSONValidator.m; sourceTree = "<group>"; };
/* End PBXFileReference section */

/* Begin PBXFrameworksBuildPhase section */
		C72C09001350BCFF00E37508 /* Frameworks */ = {
			isa = PBXFrameworksBuildPhase;
			buildActionMask = 2147483647;
			files = (
				C72C09071350BCFF00E37508 /* Foundation.framework in Frameworks */,
			);
			runOnlyForDeploymentPostprocessing = 0;
		};
		C72C090C1350BCFF00E37508 /* Frameworks */ = {
			isa = PBXFrameworksBuildPhase;
			buildActionMask = 2147483647;
			files = (
				C72C09121350BCFF00E37508 /* UIKit.framework in Frameworks */,
				C72C09131350BCFF00E37508 /* Foundation.framework in Frameworks */,
				C72C09151350BCFF00E37508 /* CoreGraphics.framework in Frameworks */,
				C72C09181350BCFF00E37508 /* libJSONValidation.a in Frameworks */,
			);
			runOnlyForDeploymentPostprocessing = 0;
		};
/* End PBXFrameworksBuildPhase section */

/* Begin PBXGroup section */
		C70D6E551353468F00264FF1 /* External */ = {
			isa = PBXGroup;
			children = (
				C70D6E57135346B400264FF1 /* JSON Framework */,
			);
			path = External;
			sourceTree = "<group>";
		};
		C70D6E57135346B400264FF1 /* JSON Framework */ = {
			isa = PBXGroup;
			children = (
				C70D6E581353470100264FF1 /* JSON.h */,
				C70D6E591353470100264FF1 /* NSObject+JSON.h */,
				C70D6E5A1353470100264FF1 /* NSObject+JSON.m */,
				C70D6E5B1353470100264FF1 /* SBJsonParser.h */,
				C70D6E5C1353470100264FF1 /* SBJsonParser.m */,
				C70D6E5D1353470100264FF1 /* SBJsonStreamParser.h */,
				C70D6E5E1353470100264FF1 /* SBJsonStreamParser.m */,
				C70D6E5F1353470100264FF1 /* SBJsonStreamParserAdapter.h */,
				C70D6E601353470100264FF1 /* SBJsonStreamParserAdapter.m */,
				C70D6E611353470100264FF1 /* SBJsonStreamParserState.h */,
				C70D6E621353470100264FF1 /* SBJsonStreamParserState.m */,
				C70D6E631353470100264FF1 /* SBJsonStreamWriter.h */,
				C70D6E641353470100264FF1 /* SBJsonStreamWriter.m */,
				C70D6E651353470100264FF1 /* SBJsonStreamWriterState.h */,
				C70D6E661353470100264FF1 /* SBJsonStreamWriterState.m */,
				C70D6E671353470100264FF1 /* SBJsonTokeniser.h */,
				C70D6E681353470100264FF1 /* SBJsonTokeniser.m */,
				C70D6E691353470100264FF1 /* SBJsonWriter.h */,
				C70D6E6A1353470100264FF1 /* SBJsonWriter.m */,
			);
			path = "JSON Framework";
			sourceTree = "<group>";
		};
		C70D6E8F135351FC00264FF1 /* Documentation */ = {
			isa = PBXGroup;
			children = (
				C70D6E901353527600264FF1 /* draft-zyp-json-schema-03.txt */,
			);
			path = Documentation;
			sourceTree = "<group>";
		};
		C72C08F81350BCFF00E37508 = {
			isa = PBXGroup;
			children = (
				C70D6E8F135351FC00264FF1 /* Documentation */,
				C72C09081350BCFF00E37508 /* JSONValidation */,
				C72C09191350BCFF00E37508 /* JSONValidationTests */,
				C70D6E551353468F00264FF1 /* External */,
				C72C09051350BCFF00E37508 /* Frameworks */,
				C72C09041350BCFF00E37508 /* Products */,
			);
			sourceTree = "<group>";
		};
		C72C09041350BCFF00E37508 /* Products */ = {
			isa = PBXGroup;
			children = (
				C72C09031350BCFF00E37508 /* libJSONValidation.a */,
				C72C09101350BCFF00E37508 /* JSONValidationTests.octest */,
			);
			name = Products;
			sourceTree = "<group>";
		};
		C72C09051350BCFF00E37508 /* Frameworks */ = {
			isa = PBXGroup;
			children = (
				C72C09061350BCFF00E37508 /* Foundation.framework */,
				C72C09111350BCFF00E37508 /* UIKit.framework */,
				C72C09141350BCFF00E37508 /* CoreGraphics.framework */,
			);
			name = Frameworks;
			sourceTree = "<group>";
		};
		C72C09081350BCFF00E37508 /* JSONValidation */ = {
			isa = PBXGroup;
			children = (
				C72C09091350BCFF00E37508 /* Supporting Files */,
				C72C092C1350BD2300E37508 /* KVJSONValidator.h */,
				C72C092D1350BD2300E37508 /* KVJSONValidator.m */,
			);
			path = JSONValidation;
			sourceTree = "<group>";
		};
		C72C09091350BCFF00E37508 /* Supporting Files */ = {
			isa = PBXGroup;
			children = (
				C72C090A1350BCFF00E37508 /* JSONValidation-Prefix.pch */,
			);
			name = "Supporting Files";
			sourceTree = "<group>";
		};
		C72C09191350BCFF00E37508 /* JSONValidationTests */ = {
			isa = PBXGroup;
			children = (
				C72C09201350BCFF00E37508 /* JSONValidationTests.h */,
				C72C09221350BCFF00E37508 /* JSONValidationTests.m */,
				C72C091A1350BCFF00E37508 /* Supporting Files */,
			);
			path = JSONValidationTests;
			sourceTree = "<group>";
		};
		C72C091A1350BCFF00E37508 /* Supporting Files */ = {
			isa = PBXGroup;
			children = (
				C72C091B1350BCFF00E37508 /* JSONValidationTests-Info.plist */,
				C72C091C1350BCFF00E37508 /* InfoPlist.strings */,
				C72C091F1350BCFF00E37508 /* JSONValidationTests-Prefix.pch */,
			);
			name = "Supporting Files";
			sourceTree = "<group>";
		};
/* End PBXGroup section */

/* Begin PBXHeadersBuildPhase section */
		C72C09011350BCFF00E37508 /* Headers */ = {
			isa = PBXHeadersBuildPhase;
			buildActionMask = 2147483647;
			files = (
				C72C092E1350BD2300E37508 /* KVJSONValidator.h in Headers */,
				C70D6E6B1353470100264FF1 /* JSON.h in Headers */,
				C70D6E6C1353470100264FF1 /* NSObject+JSON.h in Headers */,
				C70D6E6E1353470100264FF1 /* SBJsonParser.h in Headers */,
				C70D6E701353470100264FF1 /* SBJsonStreamParser.h in Headers */,
				C70D6E721353470100264FF1 /* SBJsonStreamParserAdapter.h in Headers */,
				C70D6E741353470100264FF1 /* SBJsonStreamParserState.h in Headers */,
				C70D6E761353470100264FF1 /* SBJsonStreamWriter.h in Headers */,
				C70D6E781353470100264FF1 /* SBJsonStreamWriterState.h in Headers */,
				C70D6E7A1353470100264FF1 /* SBJsonTokeniser.h in Headers */,
				C70D6E7C1353470100264FF1 /* SBJsonWriter.h in Headers */,
			);
			runOnlyForDeploymentPostprocessing = 0;
		};
/* End PBXHeadersBuildPhase section */

/* Begin PBXNativeTarget section */
		C72C09021350BCFF00E37508 /* JSONValidation */ = {
			isa = PBXNativeTarget;
			buildConfigurationList = C72C09261350BCFF00E37508 /* Build configuration list for PBXNativeTarget "JSONValidation" */;
			buildPhases = (
				C72C08FF1350BCFF00E37508 /* Sources */,
				C72C09001350BCFF00E37508 /* Frameworks */,
				C72C09011350BCFF00E37508 /* Headers */,
			);
			buildRules = (
			);
			dependencies = (
			);
			name = JSONValidation;
			productName = JSONValidation;
			productReference = C72C09031350BCFF00E37508 /* libJSONValidation.a */;
			productType = "com.apple.product-type.library.static";
		};
		C72C090F1350BCFF00E37508 /* JSONValidationTests */ = {
			isa = PBXNativeTarget;
			buildConfigurationList = C72C09291350BCFF00E37508 /* Build configuration list for PBXNativeTarget "JSONValidationTests" */;
			buildPhases = (
				C72C090B1350BCFF00E37508 /* Sources */,
				C72C090C1350BCFF00E37508 /* Frameworks */,
				C72C090D1350BCFF00E37508 /* Resources */,
				C72C090E1350BCFF00E37508 /* ShellScript */,
			);
			buildRules = (
			);
			dependencies = (
				C72C09171350BCFF00E37508 /* PBXTargetDependency */,
			);
			name = JSONValidationTests;
			productName = JSONValidationTests;
			productReference = C72C09101350BCFF00E37508 /* JSONValidationTests.octest */;
			productType = "com.apple.product-type.bundle";
		};
/* End PBXNativeTarget section */

/* Begin PBXProject section */
		C72C08FA1350BCFF00E37508 /* Project object */ = {
			isa = PBXProject;
			attributes = {
				ORGANIZATIONNAME = Koolistov;
			};
			buildConfigurationList = C72C08FD1350BCFF00E37508 /* Build configuration list for PBXProject "JSONValidation" */;
			compatibilityVersion = "Xcode 3.2";
			developmentRegion = English;
			hasScannedForEncodings = 0;
			knownRegions = (
				en,
			);
			mainGroup = C72C08F81350BCFF00E37508;
			productRefGroup = C72C09041350BCFF00E37508 /* Products */;
			projectDirPath = "";
			projectRoot = "";
			targets = (
				C72C09021350BCFF00E37508 /* JSONValidation */,
				C72C090F1350BCFF00E37508 /* JSONValidationTests */,
			);
		};
/* End PBXProject section */

/* Begin PBXResourcesBuildPhase section */
		C72C090D1350BCFF00E37508 /* Resources */ = {
			isa = PBXResourcesBuildPhase;
			buildActionMask = 2147483647;
			files = (
				C72C091E1350BCFF00E37508 /* InfoPlist.strings in Resources */,
				C72C09211350BCFF00E37508 /* JSONValidationTests.h in Resources */,
			);
			runOnlyForDeploymentPostprocessing = 0;
		};
/* End PBXResourcesBuildPhase section */

/* Begin PBXShellScriptBuildPhase section */
		C72C090E1350BCFF00E37508 /* ShellScript */ = {
			isa = PBXShellScriptBuildPhase;
			buildActionMask = 2147483647;
			files = (
			);
			inputPaths = (
			);
			outputPaths = (
			);
			runOnlyForDeploymentPostprocessing = 0;
			shellPath = /bin/sh;
			shellScript = "# Run the unit tests in this test bundle.\n\"${SYSTEM_DEVELOPER_DIR}/Tools/RunUnitTests\"\n";
		};
/* End PBXShellScriptBuildPhase section */

/* Begin PBXSourcesBuildPhase section */
		C72C08FF1350BCFF00E37508 /* Sources */ = {
			isa = PBXSourcesBuildPhase;
			buildActionMask = 2147483647;
			files = (
				C72C092F1350BD2300E37508 /* KVJSONValidator.m in Sources */,
				C70D6E6D1353470100264FF1 /* NSObject+JSON.m in Sources */,
				C70D6E6F1353470100264FF1 /* SBJsonParser.m in Sources */,
				C70D6E711353470100264FF1 /* SBJsonStreamParser.m in Sources */,
				C70D6E731353470100264FF1 /* SBJsonStreamParserAdapter.m in Sources */,
				C70D6E751353470100264FF1 /* SBJsonStreamParserState.m in Sources */,
				C70D6E771353470100264FF1 /* SBJsonStreamWriter.m in Sources */,
				C70D6E791353470100264FF1 /* SBJsonStreamWriterState.m in Sources */,
				C70D6E7B1353470100264FF1 /* SBJsonTokeniser.m in Sources */,
				C70D6E7D1353470100264FF1 /* SBJsonWriter.m in Sources */,
			);
			runOnlyForDeploymentPostprocessing = 0;
		};
		C72C090B1350BCFF00E37508 /* Sources */ = {
			isa = PBXSourcesBuildPhase;
			buildActionMask = 2147483647;
			files = (
				C72C09231350BCFF00E37508 /* JSONValidationTests.m in Sources */,
				C70D6E7E1353483100264FF1 /* NSObject+JSON.m in Sources */,
				C70D6E7F1353483100264FF1 /* SBJsonParser.m in Sources */,
				C70D6E801353483100264FF1 /* SBJsonStreamParser.m in Sources */,
				C70D6E811353483100264FF1 /* SBJsonStreamParserAdapter.m in Sources */,
				C70D6E821353483100264FF1 /* SBJsonStreamParserState.m in Sources */,
				C70D6E831353483100264FF1 /* SBJsonStreamWriter.m in Sources */,
				C70D6E841353483100264FF1 /* SBJsonStreamWriterState.m in Sources */,
				C70D6E851353483100264FF1 /* SBJsonTokeniser.m in Sources */,
				C70D6E861353483100264FF1 /* SBJsonWriter.m in Sources */,
			);
			runOnlyForDeploymentPostprocessing = 0;
		};
/* End PBXSourcesBuildPhase section */

/* Begin PBXTargetDependency section */
		C72C09171350BCFF00E37508 /* PBXTargetDependency */ = {
			isa = PBXTargetDependency;
			target = C72C09021350BCFF00E37508 /* JSONValidation */;
			targetProxy = C72C09161350BCFF00E37508 /* PBXContainerItemProxy */;
		};
/* End PBXTargetDependency section */

/* Begin PBXVariantGroup section */
		C72C091C1350BCFF00E37508 /* InfoPlist.strings */ = {
			isa = PBXVariantGroup;
			children = (
				C72C091D1350BCFF00E37508 /* en */,
			);
			name = InfoPlist.strings;
			sourceTree = "<group>";
		};
/* End PBXVariantGroup section */

/* Begin XCBuildConfiguration section */
		C72C09241350BCFF00E37508 /* Debug */ = {
			isa = XCBuildConfiguration;
			buildSettings = {
				ARCHS = "$(ARCHS_STANDARD_32_BIT)";
				GCC_C_LANGUAGE_STANDARD = gnu99;
				GCC_OPTIMIZATION_LEVEL = 0;
				GCC_PREPROCESSOR_DEFINITIONS = DEBUG;
				GCC_SYMBOLS_PRIVATE_EXTERN = NO;
				GCC_VERSION = com.apple.compilers.llvmgcc42;
				GCC_WARN_ABOUT_RETURN_TYPE = YES;
				GCC_WARN_UNUSED_VARIABLE = YES;
				IPHONEOS_DEPLOYMENT_TARGET = 4.3;
				SDKROOT = iphoneos;
			};
			name = Debug;
		};
		C72C09251350BCFF00E37508 /* Release */ = {
			isa = XCBuildConfiguration;
			buildSettings = {
				ARCHS = "$(ARCHS_STANDARD_32_BIT)";
				GCC_C_LANGUAGE_STANDARD = gnu99;
				GCC_VERSION = com.apple.compilers.llvmgcc42;
				GCC_WARN_ABOUT_RETURN_TYPE = YES;
				GCC_WARN_UNUSED_VARIABLE = YES;
				IPHONEOS_DEPLOYMENT_TARGET = 4.3;
				SDKROOT = iphoneos;
			};
			name = Release;
		};
		C72C09271350BCFF00E37508 /* Debug */ = {
			isa = XCBuildConfiguration;
			buildSettings = {
				ALWAYS_SEARCH_USER_PATHS = NO;
				DSTROOT = /tmp/JSONValidation.dst;
				GCC_PRECOMPILE_PREFIX_HEADER = YES;
				GCC_PREFIX_HEADER = "JSONValidation/JSONValidation-Prefix.pch";
				OTHER_LDFLAGS = "-ObjC";
				PRODUCT_NAME = "$(TARGET_NAME)";
			};
			name = Debug;
		};
		C72C09281350BCFF00E37508 /* Release */ = {
			isa = XCBuildConfiguration;
			buildSettings = {
				ALWAYS_SEARCH_USER_PATHS = NO;
				DSTROOT = /tmp/JSONValidation.dst;
				GCC_PRECOMPILE_PREFIX_HEADER = YES;
				GCC_PREFIX_HEADER = "JSONValidation/JSONValidation-Prefix.pch";
				OTHER_LDFLAGS = "-ObjC";
				PRODUCT_NAME = "$(TARGET_NAME)";
			};
			name = Release;
		};
		C72C092A1350BCFF00E37508 /* Debug */ = {
			isa = XCBuildConfiguration;
			buildSettings = {
				ALWAYS_SEARCH_USER_PATHS = NO;
				FRAMEWORK_SEARCH_PATHS = (
					"$(SDKROOT)/Developer/Library/Frameworks",
					"$(DEVELOPER_LIBRARY_DIR)/Frameworks",
				);
				GCC_PRECOMPILE_PREFIX_HEADER = YES;
				GCC_PREFIX_HEADER = "JSONValidationTests/JSONValidationTests-Prefix.pch";
				INFOPLIST_FILE = "JSONValidationTests/JSONValidationTests-Info.plist";
				OTHER_LDFLAGS = (
					"-framework",
					SenTestingKit,
				);
				PRODUCT_NAME = "$(TARGET_NAME)";
				WRAPPER_EXTENSION = octest;
			};
			name = Debug;
		};
		C72C092B1350BCFF00E37508 /* Release */ = {
			isa = XCBuildConfiguration;
			buildSettings = {
				ALWAYS_SEARCH_USER_PATHS = NO;
				FRAMEWORK_SEARCH_PATHS = (
					"$(SDKROOT)/Developer/Library/Frameworks",
					"$(DEVELOPER_LIBRARY_DIR)/Frameworks",
				);
				GCC_PRECOMPILE_PREFIX_HEADER = YES;
				GCC_PREFIX_HEADER = "JSONValidationTests/JSONValidationTests-Prefix.pch";
				INFOPLIST_FILE = "JSONValidationTests/JSONValidationTests-Info.plist";
				OTHER_LDFLAGS = (
					"-framework",
					SenTestingKit,
				);
				PRODUCT_NAME = "$(TARGET_NAME)";
				WRAPPER_EXTENSION = octest;
			};
			name = Release;
		};
/* End XCBuildConfiguration section */

/* Begin XCConfigurationList section */
		C72C08FD1350BCFF00E37508 /* Build configuration list for PBXProject "JSONValidation" */ = {
			isa = XCConfigurationList;
			buildConfigurations = (
				C72C09241350BCFF00E37508 /* Debug */,
				C72C09251350BCFF00E37508 /* Release */,
			);
			defaultConfigurationIsVisible = 0;
			defaultConfigurationName = Release;
		};
		C72C09261350BCFF00E37508 /* Build configuration list for PBXNativeTarget "JSONValidation" */ = {
			isa = XCConfigurationList;
			buildConfigurations = (
				C72C09271350BCFF00E37508 /* Debug */,
				C72C09281350BCFF00E37508 /* Release */,
			);
			defaultConfigurationIsVisible = 0;
			defaultConfigurationName = Release;
		};
		C72C09291350BCFF00E37508 /* Build configuration list for PBXNativeTarget "JSONValidationTests" */ = {
			isa = XCConfigurationList;
			buildConfigurations = (
				C72C092A1350BCFF00E37508 /* Debug */,
				C72C092B1350BCFF00E37508 /* Release */,
			);
			defaultConfigurationIsVisible = 0;
			defaultConfigurationName = Release;
		};
/* End XCConfigurationList section */
	};
	rootObject = C72C08FA1350BCFF00E37508 /* Project object */;
}
